
Microsoft Visual Studio Solution File, Format Version 12.00
# Visual Studio Version 17
VisualStudioVersion = 17.0.31903.59
MinimumVisualStudioVersion = 10.0.40219.1
Project("{2150E333-8FDC-42A3-9474-1A3956D46DE8}") = "src", "src", "{827E0CD3-B72D-47B6-A68D-7590B98EB39B}"
EndProject
Project("{FAE04EC0-301F-11D3-BF4B-00C04F79EFBC}") = "PublicSafetyLab.Contracts", "src\PublicSafetyLab.Contracts\PublicSafetyLab.Contracts.csproj", "{57C79E81-7B55-404C-9773-DFD2CDAEDA64}"
EndProject
Project("{FAE04EC0-301F-11D3-BF4B-00C04F79EFBC}") = "PublicSafetyLab.Domain", "src\PublicSafetyLab.Domain\PublicSafetyLab.Domain.csproj", "{559240EC-3522-496B-B737-ABD633195472}"
EndProject
Project("{FAE04EC0-301F-11D3-BF4B-00C04F79EFBC}") = "PublicSafetyLab.Application", "src\PublicSafetyLab.Application\PublicSafetyLab.Application.csproj", "{5887D942-C8AA-4771-879A-3C1E2B8C427D}"
EndProject
Project("{FAE04EC0-301F-11D3-BF4B-00C04F79EFBC}") = "PublicSafetyLab.Infrastructure", "src\PublicSafetyLab.Infrastructure\PublicSafetyLab.Infrastructure.csproj", "{8D972790-AB55-4642-AA4C-F8A441AE72F5}"
EndProject
Project("{FAE04EC0-301F-11D3-BF4B-00C04F79EFBC}") = "PublicSafetyLab.Api", "src\PublicSafetyLab.Api\PublicSafetyLab.Api.csproj", "{C3052638-8EC1-4B6B-8DE5-67BCC51C2532}"
EndProject
Project("{FAE04EC0-301F-11D3-BF4B-00C04F79EFBC}") = "PublicSafetyLab.Worker", "src\PublicSafetyLab.Worker\PublicSafetyLab.Worker.csproj", "{0564E199-A947-4C13-ADE6-7BD8BE37E11A}"
EndProject
Project("{2150E333-8FDC-42A3-9474-1A3956D46DE8}") = "tests", "tests", "{0AB3BF05-4346-4AA6-1389-037BE0695223}"
EndProject
Project("{FAE04EC0-301F-11D3-BF4B-00C04F79EFBC}") = "PublicSafetyLab.Domain.Tests", "tests\PublicSafetyLab.Domain.Tests\PublicSafetyLab.Domain.Tests.csproj", "{DACFA4C8-FF53-4556-8302-109F66D6F552}"
EndProject
Project("{FAE04EC0-301F-11D3-BF4B-00C04F79EFBC}") = "PublicSafetyLab.Api.Tests", "tests\PublicSafetyLab.Api.Tests\PublicSafetyLab.Api.Tests.csproj", "{122E99B7-BFEC-4684-B6CE-2059559776F1}"
EndProject
Project("{FAE04EC0-301F-11D3-BF4B-00C04F79EFBC}") = "PublicSafetyLab.Infrastructure.IntegrationTests", "tests\PublicSafetyLab.Infrastructure.IntegrationTests\PublicSafetyLab.Infrastructure.IntegrationTests.csproj", "{856FAFFA-EDDC-472F-80F2-F7ECAF885A69}"
EndProject
Global
	GlobalSection(SolutionConfigurationPlatforms) = preSolution
		Debug|Any CPU = Debug|Any CPU
		Debug|x64 = Debug|x64
		Debug|x86 = Debug|x86
		Release|Any CPU = Release|Any CPU
		Release|x64 = Release|x64
		Release|x86 = Release|x86
	EndGlobalSection
	GlobalSection(ProjectConfigurationPlatforms) = postSolution
		{57C79E81-7B55-404C-9773-DFD2CDAEDA64}.Debug|Any CPU.ActiveCfg = Debug|Any CPU
		{57C79E81-7B55-404C-9773-DFD2CDAEDA64}.Debug|Any CPU.Build.0 = Debug|Any CPU
		{57C79E81-7B55-404C-9773-DFD2CDAEDA64}.Debug|x64.ActiveCfg = Debug|Any CPU
		{57C79E81-7B55-404C-9773-DFD2CDAEDA64}.Debug|x64.Build.0 = Debug|Any CPU
		{57C79E81-7B55-404C-9773-DFD2CDAEDA64}.Debug|x86.ActiveCfg = Debug|Any CPU
		{57C79E81-7B55-404C-9773-DFD2CDAEDA64}.Debug|x86.Build.0 = Debug|Any CPU
		{57C79E81-7B55-404C-9773-DFD2CDAEDA64}.Release|Any CPU.ActiveCfg = Release|Any CPU
		{57C79E81-7B55-404C-9773-DFD2CDAEDA64}.Release|Any CPU.Build.0 = Release|Any CPU
		{57C79E81-7B55-404C-9773-DFD2CDAEDA64}.Release|x64.ActiveCfg = Release|Any CPU
		{57C79E81-7B55-404C-9773-DFD2CDAEDA64}.Release|x64.Build.0 = Release|Any CPU
		{57C79E81-7B55-404C-9773-DFD2CDAEDA64}.Release|x86.ActiveCfg = Release|Any CPU
		{57C79E81-7B55-404C-9773-DFD2CDAEDA64}.Release|x86.Build.0 = Release|Any CPU
		{559240EC-3522-496B-B737-ABD633195472}.Debug|Any CPU.ActiveCfg = Debug|Any CPU
		{559240EC-3522-496B-B737-ABD633195472}.Debug|Any CPU.Build.0 = Debug|Any CPU
		{559240EC-3522-496B-B737-ABD633195472}.Debug|x64.ActiveCfg = Debug|Any CPU
		{559240EC-3522-496B-B737-ABD633195472}.Debug|x64.Build.0 = Debug|Any CPU
		{559240EC-3522-496B-B737-ABD633195472}.Debug|x86.ActiveCfg = Debug|Any CPU
		{559240EC-3522-496B-B737-ABD633195472}.Debug|x86.Build.0 = Debug|Any CPU
		{559240EC-3522-496B-B737-ABD633195472}.Release|Any CPU.ActiveCfg = Release|Any CPU
		{559240EC-3522-496B-B737-ABD633195472}.Release|Any CPU.Build.0 = Release|Any CPU
		{559240EC-3522-496B-B737-ABD633195472}.Release|x64.ActiveCfg = Release|Any CPU
		{559240EC-3522-496B-B737-ABD633195472}.Release|x64.Build.0 = Release|Any CPU
		{559240EC-3522-496B-B737-ABD633195472}.Release|x86.ActiveCfg = Release|Any CPU
		{559240EC-3522-496B-B737-ABD633195472}.Release|x86.Build.0 = Release|Any CPU
		{5887D942-C8AA-4771-879A-3C1E2B8C427D}.Debug|Any CPU.ActiveCfg = Debug|Any CPU
		{5887D942-C8AA-4771-879A-3C1E2B8C427D}.Debug|Any CPU.Build.0 = Debug|Any CPU
		{5887D942-C8AA-4771-879A-3C1E2B8C427D}.Debug|x64.ActiveCfg = Debug|Any CPU
		{5887D942-C8AA-4771-879A-3C1E2B8C427D}.Debug|x64.Build.0 = Debug|Any CPU
		{5887D942-C8AA-4771-879A-3C1E2B8C427D}.Debug|x86.ActiveCfg = Debug|Any CPU
		{5887D942-C8AA-4771-879A-3C1E2B8C427D}.Debug|x86.Build.0 = Debug|Any CPU
		{5887D942-C8AA-4771-879A-3C1E2B8C427D}.Release|Any CPU.ActiveCfg = Release|Any CPU
		{5887D942-C8AA-4771-879A-3C1E2B8C427D}.Release|Any CPU.Build.0 = Release|Any CPU
		{5887D942-C8AA-4771-879A-3C1E2B8C427D}.Release|x64.ActiveCfg = Release|Any CPU
		{5887D942-C8AA-4771-879A-3C1E2B8C427D}.Release|x64.Build.0 = Release|Any CPU
		{5887D942-C8AA-4771-879A-3C1E2B8C427D}.Release|x86.ActiveCfg = Release|Any CPU
		{5887D942-C8AA-4771-879A-3C1E2B8C427D}.Release|x86.Build.0 = Release|Any CPU
		{8D972790-AB55-4642-AA4C-F8A441AE72F5}.Debug|Any CPU.ActiveCfg = Debug|Any CPU
		{8D972790-AB55-4642-AA4C-F8A441AE72F5}.Debug|Any CPU.Build.0 = Debug|Any CPU
		{8D972790-AB55-4642-AA4C-F8A441AE72F5}.Debug|x64.ActiveCfg = Debug|Any CPU
		{8D972790-AB55-4642-AA4C-F8A441AE72F5}.Debug|x64.Build.0 = Debug|Any CPU
		{8D972790-AB55-4642-AA4C-F8A441AE72F5}.Debug|x86.ActiveCfg = Debug|Any CPU
		{8D972790-AB55-4642-AA4C-F8A441AE72F5}.Debug|x86.Build.0 = Debug|Any CPU
		{8D972790-AB55-4642-AA4C-F8A441AE72F5}.Release|Any CPU.ActiveCfg = Release|Any CPU
		{8D972790-AB55-4642-AA4C-F8A441AE72F5}.Release|Any CPU.Build.0 = Release|Any CPU
		{8D972790-AB55-4642-AA4C-F8A441AE72F5}.Release|x64.ActiveCfg = Release|Any CPU
		{8D972790-AB55-4642-AA4C-F8A441AE72F5}.Release|x64.Build.0 = Release|Any CPU
		{8D972790-AB55-4642-AA4C-F8A441AE72F5}.Release|x86.ActiveCfg = Release|Any CPU
		{8D972790-AB55-4642-AA4C-F8A441AE72F5}.Release|x86.Build.0 = Release|Any CPU
		{C3052638-8EC1-4B6B-8DE5-67BCC51C2532}.Debug|Any CPU.ActiveCfg = Debug|Any CPU
		{C3052638-8EC1-4B6B-8DE5-67BCC51C2532}.Debug|Any CPU.Build.0 = Debug|Any CPU
		{C3052638-8EC1-4B6B-8DE5-67BCC51C2532}.Debug|x64.ActiveCfg = Debug|Any CPU
		{C3052638-8EC1-4B6B-8DE5-67BCC51C2532}.Debug|x64.Build.0 = Debug|Any CPU
		{C3052638-8EC1-4B6B-8DE5-67BCC51C2532}.Debug|x86.ActiveCfg = Debug|Any CPU
		{C3052638-8EC1-4B6B-8DE5-67BCC51C2532}.Debug|x86.Build.0 = Debug|Any CPU
		{C3052638-8EC1-4B6B-8DE5-67BCC51C2532}.Release|Any CPU.ActiveCfg = Release|Any CPU
		{C3052638-8EC1-4B6B-8DE5-67BCC51C2532}.Release|Any CPU.Build.0 = Release|Any CPU
		{C3052638-8EC1-4B6B-8DE5-67BCC51C2532}.Release|x64.ActiveCfg = Release|Any CPU
		{C3052638-8EC1-4B6B-8DE5-67BCC51C2532}.Release|x64.Build.0 = Release|Any CPU
		{C3052638-8EC1-4B6B-8DE5-67BCC51C2532}.Release|x86.ActiveCfg = Release|Any CPU
		{C3052638-8EC1-4B6B-8DE5-67BCC51C2532}.Release|x86.Build.0 = Release|Any CPU
		{0564E199-A947-4C13-ADE6-7BD8BE37E11A}.Debug|Any CPU.ActiveCfg = Debug|Any CPU
		{0564E199-A947-4C13-ADE6-7BD8BE37E11A}.Debug|Any CPU.Build.0 = Debug|Any CPU
		{0564E199-A947-4C13-ADE6-7BD8BE37E11A}.Debug|x64.ActiveCfg = Debug|Any CPU
		{0564E199-A947-4C13-ADE6-7BD8BE37E11A}.Debug|x64.Build.0 = Debug|Any CPU
		{0564E199-A947-4C13-ADE6-7BD8BE37E11A}.Debug|x86.ActiveCfg = Debug|Any CPU
		{0564E199-A947-4C13-ADE6-7BD8BE37E11A}.Debug|x86.Build.0 = Debug|Any CPU
		{0564E199-A947-4C13-ADE6-7BD8BE37E11A}.Release|Any CPU.ActiveCfg = Release|Any CPU
		{0564E199-A947-4C13-ADE6-7BD8BE37E11A}.Release|Any CPU.Build.0 = Release|Any CPU
		{0564E199-A947-4C13-ADE6-7BD8BE37E11A}.Release|x64.ActiveCfg = Release|Any CPU
		{0564E199-A947-4C13-ADE6-7BD8BE37E11A}.Release|x64.Build.0 = Release|Any CPU
		{0564E199-A947-4C13-ADE6-7BD8BE37E11A}.Release|x86.ActiveCfg = Release|Any CPU
		{0564E199-A947-4C13-ADE6-7BD8BE37E11A}.Release|x86.Build.0 = Release|Any CPU
		{DACFA4C8-FF53-4556-8302-109F66D6F552}.Debug|Any CPU.ActiveCfg = Debug|Any CPU
		{DACFA4C8-FF53-4556-8302-109F66D6F552}.Debug|Any CPU.Build.0 = Debug|Any CPU
		{DACFA4C8-FF53-4556-8302-109F66D6F552}.Debug|x64.ActiveCfg = Debug|Any CPU
		{DACFA4C8-FF53-4556-8302-109F66D6F552}.Debug|x64.Build.0 = Debug|Any CPU
		{DACFA4C8-FF53-4556-8302-109F66D6F552}.Debug|x86.ActiveCfg = Debug|Any CPU
		{DACFA4C8-FF53-4556-8302-109F66D6F552}.Debug|x86.Build.0 = Debug|Any CPU
		{DACFA4C8-FF53-4556-8302-109F66D6F552}.Release|Any CPU.ActiveCfg = Release|Any CPU
		{DACFA4C8-FF53-4556-8302-109F66D6F552}.Release|Any CPU.Build.0 = Release|Any CPU
		{DACFA4C8-FF53-4556-8302-109F66D6F552}.Release|x64.ActiveCfg = Release|Any CPU
		{DACFA4C8-FF53-4556-8302-109F66D6F552}.Release|x64.Build.0 = Release|Any CPU
		{DACFA4C8-FF53-4556-8302-109F66D6F552}.Release|x86.ActiveCfg = Release|Any CPU
		{DACFA4C8-FF53-4556-8302-109F66D6F552}.Release|x86.Build.0 = Release|Any CPU
		{122E99B7-BFEC-4684-B6CE-2059559776F1}.Debug|Any CPU.ActiveCfg = Debug|Any CPU
		{122E99B7-BFEC-4684-B6CE-2059559776F1}.Debug|Any CPU.Build.0 = Debug|Any CPU
		{122E99B7-BFEC-4684-B6CE-2059559776F1}.Debug|x64.ActiveCfg = Debug|Any CPU
		{122E99B7-BFEC-4684-B6CE-2059559776F1}.Debug|x64.Build.0 = Debug|Any CPU
		{122E99B7-BFEC-4684-B6CE-2059559776F1}.Debug|x86.ActiveCfg = Debug|Any CPU
		{122E99B7-BFEC-4684-B6CE-2059559776F1}.Debug|x86.Build.0 = Debug|Any CPU
		{122E99B7-BFEC-4684-B6CE-2059559776F1}.Release|Any CPU.ActiveCfg = Release|Any CPU
		{122E99B7-BFEC-4684-B6CE-2059559776F1}.Release|Any CPU.Build.0 = Release|Any CPU
		{122E99B7-BFEC-4684-B6CE-2059559776F1}.Release|x64.ActiveCfg = Release|Any CPU
		{122E99B7-BFEC-4684-B6CE-2059559776F1}.Release|x64.Build.0 = Release|Any CPU
		{122E99B7-BFEC-4684-B6CE-2059559776F1}.Release|x86.ActiveCfg = Release|Any CPU
		{122E99B7-BFEC-4684-B6CE-2059559776F1}.Release|x86.Build.0 = Release|Any CPU
		{856FAFFA-EDDC-472F-80F2-F7ECAF885A69}.Debug|Any CPU.ActiveCfg = Debug|Any CPU
		{856FAFFA-EDDC-472F-80F2-F7ECAF885A69}.Debug|Any CPU.Build.0 = Debug|Any CPU
		{856FAFFA-EDDC-472F-80F2-F7ECAF885A69}.Debug|x64.ActiveCfg = Debug|Any CPU
		{856FAFFA-EDDC-472F-80F2-F7ECAF885A69}.Debug|x64.Build.0 = Debug|Any CPU
		{856FAFFA-EDDC-472F-80F2-F7ECAF885A69}.Debug|x86.ActiveCfg = Debug|Any CPU
		{856FAFFA-EDDC-472F-80F2-F7ECAF885A69}.Debug|x86.Build.0 = Debug|Any CPU
		{856FAFFA-EDDC-472F-80F2-F7ECAF885A69}.Release|Any CPU.ActiveCfg = Release|Any CPU
		{856FAFFA-EDDC-472F-80F2-F7ECAF885A69}.Release|Any CPU.Build.0 = Release|Any CPU
		{856FAFFA-EDDC-472F-80F2-F7ECAF885A69}.Release|x64.ActiveCfg = Release|Any CPU
		{856FAFFA-EDDC-472F-80F2-F7ECAF885A69}.Release|x64.Build.0 = Release|Any CPU
		{856FAFFA-EDDC-472F-80F2-F7ECAF885A69}.Release|x86.ActiveCfg = Release|Any CPU
		{856FAFFA-EDDC-472F-80F2-F7ECAF885A69}.Release|x86.Build.0 = Release|Any CPU
	EndGlobalSection
	GlobalSection(SolutionProperties) = preSolution
		HideSolutionNode = FALSE
	EndGlobalSection
	GlobalSection(NestedProjects) = preSolution
		{57C79E81-7B55-404C-9773-DFD2CDAEDA64} = {827E0CD3-B72D-47B6-A68D-7590B98EB39B}
		{559240EC-3522-496B-B737-ABD633195472} = {827E0CD3-B72D-47B6-A68D-7590B98EB39B}
		{5887D942-C8AA-4771-879A-3C1E2B8C427D} = {827E0CD3-B72D-47B6-A68D-7590B98EB39B}
		{8D972790-AB55-4642-AA4C-F8A441AE72F5} = {827E0CD3-B72D-47B6-A68D-7590B98EB39B}
		{C3052638-8EC1-4B6B-8DE5-67BCC51C2532} = {827E0CD3-B72D-47B6-A68D-7590B98EB39B}
		{0564E199-A947-4C13-ADE6-7BD8BE37E11A} = {827E0CD3-B72D-47B6-A68D-7590B98EB39B}
		{DACFA4C8-FF53-4556-8302-109F66D6F552} = {0AB3BF05-4346-4AA6-1389-037BE0695223}
		{122E99B7-BFEC-4684-B6CE-2059559776F1} = {0AB3BF05-4346-4AA6-1389-037BE0695223}
		{856FAFFA-EDDC-472F-80F2-F7ECAF885A69} = {0AB3BF05-4346-4AA6-1389-037BE0695223}
	EndGlobalSection
EndGlobal
